// !$*UTF8*$!
{
	archiveVersion = 1;
	classes = {
	};
	objectVersion = 55;
	objects = {

/* Begin PBXBuildFile section */
		CF43FF35286A2BE3009B3F60 /* AppDelegate.swift in Sources */ = {isa = PBXBuildFile; fileRef = CF43FF34286A2BE3009B3F60 /* AppDelegate.swift */; };
		CF43FF37286A2BE3009B3F60 /* SceneDelegate.swift in Sources */ = {isa = PBXBuildFile; fileRef = CF43FF36286A2BE3009B3F60 /* SceneDelegate.swift */; };
		CF43FF39286A2BE3009B3F60 /* ViewController.swift in Sources */ = {isa = PBXBuildFile; fileRef = CF43FF38286A2BE3009B3F60 /* ViewController.swift */; };
		CF43FF3C286A2BE3009B3F60 /* Main.storyboard in Resources */ = {isa = PBXBuildFile; fileRef = CF43FF3A286A2BE3009B3F60 /* Main.storyboard */; };
		CF43FF3E286A2BE5009B3F60 /* Assets.xcassets in Resources */ = {isa = PBXBuildFile; fileRef = CF43FF3D286A2BE5009B3F60 /* Assets.xcassets */; };
		CF43FF41286A2BE5009B3F60 /* LaunchScreen.storyboard in Resources */ = {isa = PBXBuildFile; fileRef = CF43FF3F286A2BE5009B3F60 /* LaunchScreen.storyboard */; };
		CF43FF4C286A2BE6009B3F60 /* Weather_AppTests.swift in Sources */ = {isa = PBXBuildFile; fileRef = CF43FF4B286A2BE6009B3F60 /* Weather_AppTests.swift */; };
		CF43FF56286A2BE6009B3F60 /* Weather_AppUITests.swift in Sources */ = {isa = PBXBuildFile; fileRef = CF43FF55286A2BE6009B3F60 /* Weather_AppUITests.swift */; };
		CF43FF58286A2BE6009B3F60 /* Weather_AppUITestsLaunchTests.swift in Sources */ = {isa = PBXBuildFile; fileRef = CF43FF57286A2BE6009B3F60 /* Weather_AppUITestsLaunchTests.swift */; };
/* End PBXBuildFile section */

/* Begin PBXContainerItemProxy section */
		CF43FF48286A2BE6009B3F60 /* PBXContainerItemProxy */ = {
			isa = PBXContainerItemProxy;
			containerPortal = CF43FF29286A2BE3009B3F60 /* Project object */;
			proxyType = 1;
			remoteGlobalIDString = CF43FF30286A2BE3009B3F60;
			remoteInfo = Weather_App;
		};
		CF43FF52286A2BE6009B3F60 /* PBXContainerItemProxy */ = {
			isa = PBXContainerItemProxy;
			containerPortal = CF43FF29286A2BE3009B3F60 /* Project object */;
			proxyType = 1;
			remoteGlobalIDString = CF43FF30286A2BE3009B3F60;
			remoteInfo = Weather_App;
		};
/* End PBXContainerItemProxy section */

/* Begin PBXFileReference section */
		CF43FF31286A2BE3009B3F60 /* Weather_App.app */ = {isa = PBXFileReference; explicitFileType = wrapper.application; includeInIndex = 0; path = Weather_App.app; sourceTree = BUILT_PRODUCTS_DIR; };
		CF43FF34286A2BE3009B3F60 /* AppDelegate.swift */ = {isa = PBXFileReference; lastKnownFileType = sourcecode.swift; path = AppDelegate.swift; sourceTree = "<group>"; };
		CF43FF36286A2BE3009B3F60 /* SceneDelegate.swift */ = {isa = PBXFileReference; lastKnownFileType = sourcecode.swift; path = SceneDelegate.swift; sourceTree = "<group>"; };
		CF43FF38286A2BE3009B3F60 /* ViewController.swift */ = {isa = PBXFileReference; lastKnownFileType = sourcecode.swift; path = ViewController.swift; sourceTree = "<group>"; };
		CF43FF3B286A2BE3009B3F60 /* Base */ = {isa = PBXFileReference; lastKnownFileType = file.storyboard; name = Base; path = Base.lproj/Main.storyboard; sourceTree = "<group>"; };
		CF43FF3D286A2BE5009B3F60 /* Assets.xcassets */ = {isa = PBXFileReference; lastKnownFileType = folder.assetcatalog; path = Assets.xcassets; sourceTree = "<group>"; };
		CF43FF40286A2BE5009B3F60 /* Base */ = {isa = PBXFileReference; lastKnownFileType = file.storyboard; name = Base; path = Base.lproj/LaunchScreen.storyboard; sourceTree = "<group>"; };
		CF43FF42286A2BE5009B3F60 /* Info.plist */ = {isa = PBXFileReference; lastKnownFileType = text.plist.xml; path = Info.plist; sourceTree = "<group>"; };
		CF43FF47286A2BE6009B3F60 /* Weather_AppTests.xctest */ = {isa = PBXFileReference; explicitFileType = wrapper.cfbundle; includeInIndex = 0; path = Weather_AppTests.xctest; sourceTree = BUILT_PRODUCTS_DIR; };
		CF43FF4B286A2BE6009B3F60 /* Weather_AppTests.swift */ = {isa = PBXFileReference; lastKnownFileType = sourcecode.swift; path = Weather_AppTests.swift; sourceTree = "<group>"; };
		CF43FF51286A2BE6009B3F60 /* Weather_AppUITests.xctest */ = {isa = PBXFileReference; explicitFileType = wrapper.cfbundle; includeInIndex = 0; path = Weather_AppUITests.xctest; sourceTree = BUILT_PRODUCTS_DIR; };
		CF43FF55286A2BE6009B3F60 /* Weather_AppUITests.swift */ = {isa = PBXFileReference; lastKnownFileType = sourcecode.swift; path = Weather_AppUITests.swift; sourceTree = "<group>"; };
		CF43FF57286A2BE6009B3F60 /* Weather_AppUITestsLaunchTests.swift */ = {isa = PBXFileReference; lastKnownFileType = sourcecode.swift; path = Weather_AppUITestsLaunchTests.swift; sourceTree = "<group>"; };
/* End PBXFileReference section */

/* Begin PBXFrameworksBuildPhase section */
		CF43FF2E286A2BE3009B3F60 /* Frameworks */ = {
			isa = PBXFrameworksBuildPhase;
			buildActionMask = 2147483647;
			files = (
			);
			runOnlyForDeploymentPostprocessing = 0;
		};
		CF43FF44286A2BE6009B3F60 /* Frameworks */ = {
			isa = PBXFrameworksBuildPhase;
			buildActionMask = 2147483647;
			files = (
			);
			runOnlyForDeploymentPostprocessing = 0;
		};
		CF43FF4E286A2BE6009B3F60 /* Frameworks */ = {
			isa = PBXFrameworksBuildPhase;
			buildActionMask = 2147483647;
			files = (
			);
			runOnlyForDeploymentPostprocessing = 0;
		};
/* End PBXFrameworksBuildPhase section */

/* Begin PBXGroup section */
		CF43FF28286A2BE3009B3F60 = {
			isa = PBXGroup;
			children = (
				CF43FF33286A2BE3009B3F60 /* Weather_App */,
				CF43FF4A286A2BE6009B3F60 /* Weather_AppTests */,
				CF43FF54286A2BE6009B3F60 /* Weather_AppUITests */,
				CF43FF32286A2BE3009B3F60 /* Products */,
			);
			sourceTree = "<group>";
		};
		CF43FF32286A2BE3009B3F60 /* Products */ = {
			isa = PBXGroup;
			children = (
				CF43FF31286A2BE3009B3F60 /* Weather_App.app */,
				CF43FF47286A2BE6009B3F60 /* Weather_AppTests.xctest */,
				CF43FF51286A2BE6009B3F60 /* Weather_AppUITests.xctest */,
			);
			name = Products;
			sourceTree = "<group>";
		};
		CF43FF33286A2BE3009B3F60 /* Weather_App */ = {
			isa = PBXGroup;
			children = (
				CF43FF34286A2BE3009B3F60 /* AppDelegate.swift */,
				CF43FF36286A2BE3009B3F60 /* SceneDelegate.swift */,
				CF43FF38286A2BE3009B3F60 /* ViewController.swift */,
				CF43FF3A286A2BE3009B3F60 /* Main.storyboard */,
				CF43FF3D286A2BE5009B3F60 /* Assets.xcassets */,
				CF43FF3F286A2BE5009B3F60 /* LaunchScreen.storyboard */,
				CF43FF42286A2BE5009B3F60 /* Info.plist */,
			);
			path = Weather_App;
			sourceTree = "<group>";
		};
		CF43FF4A286A2BE6009B3F60 /* Weather_AppTests */ = {
			isa = PBXGroup;
			children = (
				CF43FF4B286A2BE6009B3F60 /* Weather_AppTests.swift */,
			);
			path = Weather_AppTests;
			sourceTree = "<group>";
		};
		CF43FF54286A2BE6009B3F60 /* Weather_AppUITests */ = {
			isa = PBXGroup;
			children = (
				CF43FF55286A2BE6009B3F60 /* Weather_AppUITests.swift */,
				CF43FF57286A2BE6009B3F60 /* Weather_AppUITestsLaunchTests.swift */,
			);
			path = Weather_AppUITests;
			sourceTree = "<group>";
		};
/* End PBXGroup section */

/* Begin PBXNativeTarget section */
		CF43FF30286A2BE3009B3F60 /* Weather_App */ = {
			isa = PBXNativeTarget;
			buildConfigurationList = CF43FF5B286A2BE6009B3F60 /* Build configuration list for PBXNativeTarget "Weather_App" */;
			buildPhases = (
				CF43FF2D286A2BE3009B3F60 /* Sources */,
				CF43FF2E286A2BE3009B3F60 /* Frameworks */,
				CF43FF2F286A2BE3009B3F60 /* Resources */,
			);
			buildRules = (
			);
			dependencies = (
			);
			name = Weather_App;
			productName = Weather_App;
			productReference = CF43FF31286A2BE3009B3F60 /* Weather_App.app */;
			productType = "com.apple.product-type.application";
		};
		CF43FF46286A2BE6009B3F60 /* Weather_AppTests */ = {
			isa = PBXNativeTarget;
			buildConfigurationList = CF43FF5E286A2BE6009B3F60 /* Build configuration list for PBXNativeTarget "Weather_AppTests" */;
			buildPhases = (
				CF43FF43286A2BE6009B3F60 /* Sources */,
				CF43FF44286A2BE6009B3F60 /* Frameworks */,
				CF43FF45286A2BE6009B3F60 /* Resources */,
			);
			buildRules = (
			);
			dependencies = (
				CF43FF49286A2BE6009B3F60 /* PBXTargetDependency */,
			);
			name = Weather_AppTests;
			productName = Weather_AppTests;
			productReference = CF43FF47286A2BE6009B3F60 /* Weather_AppTests.xctest */;
			productType = "com.apple.product-type.bundle.unit-test";
		};
		CF43FF50286A2BE6009B3F60 /* Weather_AppUITests */ = {
			isa = PBXNativeTarget;
			buildConfigurationList = CF43FF61286A2BE6009B3F60 /* Build configuration list for PBXNativeTarget "Weather_AppUITests" */;
			buildPhases = (
				CF43FF4D286A2BE6009B3F60 /* Sources */,
				CF43FF4E286A2BE6009B3F60 /* Frameworks */,
				CF43FF4F286A2BE6009B3F60 /* Resources */,
			);
			buildRules = (
			);
			dependencies = (
				CF43FF53286A2BE6009B3F60 /* PBXTargetDependency */,
			);
			name = Weather_AppUITests;
			productName = Weather_AppUITests;
			productReference = CF43FF51286A2BE6009B3F60 /* Weather_AppUITests.xctest */;
			productType = "com.apple.product-type.bundle.ui-testing";
		};
/* End PBXNativeTarget section */

/* Begin PBXProject section */
		CF43FF29286A2BE3009B3F60 /* Project object */ = {
			isa = PBXProject;
			attributes = {
				BuildIndependentTargetsInParallel = 1;
				LastSwiftUpdateCheck = 1310;
				LastUpgradeCheck = 1310;
				TargetAttributes = {
					CF43FF30286A2BE3009B3F60 = {
						CreatedOnToolsVersion = 13.1;
					};
					CF43FF46286A2BE6009B3F60 = {
						CreatedOnToolsVersion = 13.1;
						TestTargetID = CF43FF30286A2BE3009B3F60;
					};
					CF43FF50286A2BE6009B3F60 = {
						CreatedOnToolsVersion = 13.1;
						TestTargetID = CF43FF30286A2BE3009B3F60;
					};
				};
			};
			buildConfigurationList = CF43FF2C286A2BE3009B3F60 /* Build configuration list for PBXProject "Weather_App" */;
			compatibilityVersion = "Xcode 13.0";
			developmentRegion = en;
			hasScannedForEncodings = 0;
			knownRegions = (
				en,
				Base,
			);
			mainGroup = CF43FF28286A2BE3009B3F60;
			productRefGroup = CF43FF32286A2BE3009B3F60 /* Products */;
			projectDirPath = "";
			projectRoot = "";
			targets = (
				CF43FF30286A2BE3009B3F60 /* Weather_App */,
				CF43FF46286A2BE6009B3F60 /* Weather_AppTests */,
				CF43FF50286A2BE6009B3F60 /* Weather_AppUITests */,
			);
		};
/* End PBXProject section */

/* Begin PBXResourcesBuildPhase section */
		CF43FF2F286A2BE3009B3F60 /* Resources */ = {
			isa = PBXResourcesBuildPhase;
			buildActionMask = 2147483647;
			files = (
				CF43FF41286A2BE5009B3F60 /* LaunchScreen.storyboard in Resources */,
				CF43FF3E286A2BE5009B3F60 /* Assets.xcassets in Resources */,
				CF43FF3C286A2BE3009B3F60 /* Main.storyboard in Resources */,
			);
			runOnlyForDeploymentPostprocessing = 0;
		};
		CF43FF45286A2BE6009B3F60 /* Resources */ = {
			isa = PBXResourcesBuildPhase;
			buildActionMask = 2147483647;
			files = (
			);
			runOnlyForDeploymentPostprocessing = 0;
		};
		CF43FF4F286A2BE6009B3F60 /* Resources */ = {
			isa = PBXResourcesBuildPhase;
			buildActionMask = 2147483647;
			files = (
			);
			runOnlyForDeploymentPostprocessing = 0;
		};
/* End PBXResourcesBuildPhase section */

/* Begin PBXSourcesBuildPhase section */
		CF43FF2D286A2BE3009B3F60 /* Sources */ = {
			isa = PBXSourcesBuildPhase;
			buildActionMask = 2147483647;
			files = (
				CF43FF39286A2BE3009B3F60 /* ViewController.swift in Sources */,
				CF43FF35286A2BE3009B3F60 /* AppDelegate.swift in Sources */,
				CF43FF37286A2BE3009B3F60 /* SceneDelegate.swift in Sources */,
			);
			runOnlyForDeploymentPostprocessing = 0;
		};
		CF43FF43286A2BE6009B3F60 /* Sources */ = {
			isa = PBXSourcesBuildPhase;
			buildActionMask = 2147483647;
			files = (
				CF43FF4C286A2BE6009B3F60 /* Weather_AppTests.swift in Sources */,
			);
			runOnlyForDeploymentPostprocessing = 0;
		};
		CF43FF4D286A2BE6009B3F60 /* Sources */ = {
			isa = PBXSourcesBuildPhase;
			buildActionMask = 2147483647;
			files = (
				CF43FF56286A2BE6009B3F60 /* Weather_AppUITests.swift in Sources */,
				CF43FF58286A2BE6009B3F60 /* Weather_AppUITestsLaunchTests.swift in Sources */,
			);
			runOnlyForDeploymentPostprocessing = 0;
		};
/* End PBXSourcesBuildPhase section */

/* Begin PBXTargetDependency section */
		CF43FF49286A2BE6009B3F60 /* PBXTargetDependency */ = {
			isa = PBXTargetDependency;
			target = CF43FF30286A2BE3009B3F60 /* Weather_App */;
			targetProxy = CF43FF48286A2BE6009B3F60 /* PBXContainerItemProxy */;
		};
		CF43FF53286A2BE6009B3F60 /* PBXTargetDependency */ = {
			isa = PBXTargetDependency;
			target = CF43FF30286A2BE3009B3F60 /* Weather_App */;
			targetProxy = CF43FF52286A2BE6009B3F60 /* PBXContainerItemProxy */;
		};
/* End PBXTargetDependency section */

/* Begin PBXVariantGroup section */
		CF43FF3A286A2BE3009B3F60 /* Main.storyboard */ = {
			isa = PBXVariantGroup;
			children = (
				CF43FF3B286A2BE3009B3F60 /* Base */,
			);
			name = Main.storyboard;
			sourceTree = "<group>";
		};
		CF43FF3F286A2BE5009B3F60 /* LaunchScreen.storyboard */ = {
			isa = PBXVariantGroup;
			children = (
				CF43FF40286A2BE5009B3F60 /* Base */,
			);
			name = LaunchScreen.storyboard;
			sourceTree = "<group>";
		};
/* End PBXVariantGroup section */

/* Begin XCBuildConfiguration section */
		CF43FF59286A2BE6009B3F60 /* Debug */ = {
			isa = XCBuildConfiguration;
			buildSettings = {
				ALWAYS_SEARCH_USER_PATHS = NO;
				CLANG_ANALYZER_NONNULL = YES;
				CLANG_ANALYZER_NUMBER_OBJECT_CONVERSION = YES_AGGRESSIVE;
				CLANG_CXX_LANGUAGE_STANDARD = "gnu++17";
				CLANG_CXX_LIBRARY = "libc++";
				CLANG_ENABLE_MODULES = YES;
				CLANG_ENABLE_OBJC_ARC = YES;
				CLANG_ENABLE_OBJC_WEAK = YES;
				CLANG_WARN_BLOCK_CAPTURE_AUTORELEASING = YES;
				CLANG_WARN_BOOL_CONVERSION = YES;
				CLANG_WARN_COMMA = YES;
				CLANG_WARN_CONSTANT_CONVERSION = YES;
				CLANG_WARN_DEPRECATED_OBJC_IMPLEMENTATIONS = YES;
				CLANG_WARN_DIRECT_OBJC_ISA_USAGE = YES_ERROR;
				CLANG_WARN_DOCUMENTATION_COMMENTS = YES;
				CLANG_WARN_EMPTY_BODY = YES;
				CLANG_WARN_ENUM_CONVERSION = YES;
				CLANG_WARN_INFINITE_RECURSION = YES;
				CLANG_WARN_INT_CONVERSION = YES;
				CLANG_WARN_NON_LITERAL_NULL_CONVERSION = YES;
				CLANG_WARN_OBJC_IMPLICIT_RETAIN_SELF = YES;
				CLANG_WARN_OBJC_LITERAL_CONVERSION = YES;
				CLANG_WARN_OBJC_ROOT_CLASS = YES_ERROR;
				CLANG_WARN_QUOTED_INCLUDE_IN_FRAMEWORK_HEADER = YES;
				CLANG_WARN_RANGE_LOOP_ANALYSIS = YES;
				CLANG_WARN_STRICT_PROTOTYPES = YES;
				CLANG_WARN_SUSPICIOUS_MOVE = YES;
				CLANG_WARN_UNGUARDED_AVAILABILITY = YES_AGGRESSIVE;
				CLANG_WARN_UNREACHABLE_CODE = YES;
				CLANG_WARN__DUPLICATE_METHOD_MATCH = YES;
				COPY_PHASE_STRIP = NO;
				DEBUG_INFORMATION_FORMAT = dwarf;
				ENABLE_STRICT_OBJC_MSGSEND = YES;
				ENABLE_TESTABILITY = YES;
				GCC_C_LANGUAGE_STANDARD = gnu11;
				GCC_DYNAMIC_NO_PIC = NO;
				GCC_NO_COMMON_BLOCKS = YES;
				GCC_OPTIMIZATION_LEVEL = 0;
				GCC_PREPROCESSOR_DEFINITIONS = (
					"DEBUG=1",
					"$(inherited)",
				);
				GCC_WARN_64_TO_32_BIT_CONVERSION = YES;
				GCC_WARN_ABOUT_RETURN_TYPE = YES_ERROR;
				GCC_WARN_UNDECLARED_SELECTOR = YES;
				GCC_WARN_UNINITIALIZED_AUTOS = YES_AGGRESSIVE;
				GCC_WARN_UNUSED_FUNCTION = YES;
				GCC_WARN_UNUSED_VARIABLE = YES;
				IPHONEOS_DEPLOYMENT_TARGET = 15.0;
				MTL_ENABLE_DEBUG_INFO = INCLUDE_SOURCE;
				MTL_FAST_MATH = YES;
				ONLY_ACTIVE_ARCH = YES;
				SDKROOT = iphoneos;
				SWIFT_ACTIVE_COMPILATION_CONDITIONS = DEBUG;
				SWIFT_OPTIMIZATION_LEVEL = "-Onone";
			};
			name = Debug;
		};
		CF43FF5A286A2BE6009B3F60 /* Release */ = {
			isa = XCBuildConfiguration;
			buildSettings = {
				ALWAYS_SEARCH_USER_PATHS = NO;
				CLANG_ANALYZER_NONNULL = YES;
				CLANG_ANALYZER_NUMBER_OBJECT_CONVERSION = YES_AGGRESSIVE;
				CLANG_CXX_LANGUAGE_STANDARD = "gnu++17";
				CLANG_CXX_LIBRARY = "libc++";
				CLANG_ENABLE_MODULES = YES;
				CLANG_ENABLE_OBJC_ARC = YES;
				CLANG_ENABLE_OBJC_WEAK = YES;
				CLANG_WARN_BLOCK_CAPTURE_AUTORELEASING = YES;
				CLANG_WARN_BOOL_CONVERSION = YES;
				CLANG_WARN_COMMA = YES;
				CLANG_WARN_CONSTANT_CONVERSION = YES;
				CLANG_WARN_DEPRECATED_OBJC_IMPLEMENTATIONS = YES;
				CLANG_WARN_DIRECT_OBJC_ISA_USAGE = YES_ERROR;
				CLANG_WARN_DOCUMENTATION_COMMENTS = YES;
				CLANG_WARN_EMPTY_BODY = YES;
				CLANG_WARN_ENUM_CONVERSION = YES;
				CLANG_WARN_INFINITE_RECURSION = YES;
				CLANG_WARN_INT_CONVERSION = YES;
				CLANG_WARN_NON_LITERAL_NULL_CONVERSION = YES;
				CLANG_WARN_OBJC_IMPLICIT_RETAIN_SELF = YES;
				CLANG_WARN_OBJC_LITERAL_CONVERSION = YES;
				CLANG_WARN_OBJC_ROOT_CLASS = YES_ERROR;
				CLANG_WARN_QUOTED_INCLUDE_IN_FRAMEWORK_HEADER = YES;
				CLANG_WARN_RANGE_LOOP_ANALYSIS = YES;
				CLANG_WARN_STRICT_PROTOTYPES = YES;
				CLANG_WARN_SUSPICIOUS_MOVE = YES;
				CLANG_WARN_UNGUARDED_AVAILABILITY = YES_AGGRESSIVE;
				CLANG_WARN_UNREACHABLE_CODE = YES;
				CLANG_WARN__DUPLICATE_METHOD_MATCH = YES;
				COPY_PHASE_STRIP = NO;
				DEBUG_INFORMATION_FORMAT = "dwarf-with-dsym";
				ENABLE_NS_ASSERTIONS = NO;
				ENABLE_STRICT_OBJC_MSGSEND = YES;
				GCC_C_LANGUAGE_STANDARD = gnu11;
				GCC_NO_COMMON_BLOCKS = YES;
				GCC_WARN_64_TO_32_BIT_CONVERSION = YES;
				GCC_WARN_ABOUT_RETURN_TYPE = YES_ERROR;
				GCC_WARN_UNDECLARED_SELECTOR = YES;
				GCC_WARN_UNINITIALIZED_AUTOS = YES_AGGRESSIVE;
				GCC_WARN_UNUSED_FUNCTION = YES;
				GCC_WARN_UNUSED_VARIABLE = YES;
				IPHONEOS_DEPLOYMENT_TARGET = 15.0;
				MTL_ENABLE_DEBUG_INFO = NO;
				MTL_FAST_MATH = YES;
				SDKROOT = iphoneos;
				SWIFT_COMPILATION_MODE = wholemodule;
				SWIFT_OPTIMIZATION_LEVEL = "-O";
				VALIDATE_PRODUCT = YES;
			};
			name = Release;
		};
		CF43FF5C286A2BE6009B3F60 /* Debug */ = {
			isa = XCBuildConfiguration;
			buildSettings = {
				ASSETCATALOG_COMPILER_APPICON_NAME = AppIcon;
				ASSETCATALOG_COMPILER_GLOBAL_ACCENT_COLOR_NAME = AccentColor;
				CODE_SIGN_STYLE = Automatic;
				CURRENT_PROJECT_VERSION = 1;
				GENERATE_INFOPLIST_FILE = YES;
				INFOPLIST_FILE = Weather_App/Info.plist;
				INFOPLIST_KEY_UIApplicationSupportsIndirectInputEvents = YES;
				INFOPLIST_KEY_UILaunchStoryboardName = LaunchScreen;
				INFOPLIST_KEY_UIMainStoryboardFile = Main;
				INFOPLIST_KEY_UISupportedInterfaceOrientations_iPad = "UIInterfaceOrientationPortrait UIInterfaceOrientationPortraitUpsideDown UIInterfaceOrientationLandscapeLeft UIInterfaceOrientationLandscapeRight";
				INFOPLIST_KEY_UISupportedInterfaceOrientations_iPhone = "UIInterfaceOrientationPortrait UIInterfaceOrientationLandscapeLeft UIInterfaceOrientationLandscapeRight";
				LD_RUNPATH_SEARCH_PATHS = (
					"$(inherited)",
					"@executable_path/Frameworks",
				);
				MARKETING_VERSION = 1.0;
				PRODUCT_BUNDLE_IDENTIFIER = "com.LilianVirginiaLombardi.Weather-App";
				PRODUCT_NAME = "$(TARGET_NAME)";
				SWIFT_EMIT_LOC_STRINGS = YES;
				SWIFT_VERSION = 5.0;
				TARGETED_DEVICE_FAMILY = "1,2";
			};
			name = Debug;
		};
		CF43FF5D286A2BE6009B3F60 /* Release */ = {
			isa = XCBuildConfiguration;
			buildSettings = {
				ASSETCATALOG_COMPILER_APPICON_NAME = AppIcon;
				ASSETCATALOG_COMPILER_GLOBAL_ACCENT_COLOR_NAME = AccentColor;
				CODE_SIGN_STYLE = Automatic;
				CURRENT_PROJECT_VERSION = 1;
				GENERATE_INFOPLIST_FILE = YES;
				INFOPLIST_FILE = Weather_App/Info.plist;
				INFOPLIST_KEY_UIApplicationSupportsIndirectInputEvents = YES;
				INFOPLIST_KEY_UILaunchStoryboardName = LaunchScreen;
				INFOPLIST_KEY_UIMainStoryboardFile = Main;
				INFOPLIST_KEY_UISupportedInterfaceOrientations_iPad = "UIInterfaceOrientationPortrait UIInterfaceOrientationPortraitUpsideDown UIInterfaceOrientationLandscapeLeft UIInterfaceOrientationLandscapeRight";
				INFOPLIST_KEY_UISupportedInterfaceOrientations_iPhone = "UIInterfaceOrientationPortrait UIInterfaceOrientationLandscapeLeft UIInterfaceOrientationLandscapeRight";
				LD_RUNPATH_SEARCH_PATHS = (
					"$(inherited)",
					"@executable_path/Frameworks",
				);
				MARKETING_VERSION = 1.0;
				PRODUCT_BUNDLE_IDENTIFIER = "com.LilianVirginiaLombardi.Weather-App";
				PRODUCT_NAME = "$(TARGET_NAME)";
				SWIFT_EMIT_LOC_STRINGS = YES;
				SWIFT_VERSION = 5.0;
				TARGETED_DEVICE_FAMILY = "1,2";
			};
			name = Release;
		};
		CF43FF5F286A2BE6009B3F60 /* Debug */ = {
			isa = XCBuildConfiguration;
			buildSettings = {
				ALWAYS_EMBED_SWIFT_STANDARD_LIBRARIES = YES;
				BUNDLE_LOADER = "$(TEST_HOST)";
				CODE_SIGN_STYLE = Automatic;
				CURRENT_PROJECT_VERSION = 1;
				GENERATE_INFOPLIST_FILE = YES;
				IPHONEOS_DEPLOYMENT_TARGET = 15.0;
				LD_RUNPATH_SEARCH_PATHS = (
					"$(inherited)",
					"@executable_path/Frameworks",
					"@loader_path/Frameworks",
				);
				MARKETING_VERSION = 1.0;
				PRODUCT_BUNDLE_IDENTIFIER = "com.LilianVirginiaLombardi.Weather-AppTests";
				PRODUCT_NAME = "$(TARGET_NAME)";
				SWIFT_EMIT_LOC_STRINGS = NO;
				SWIFT_VERSION = 5.0;
				TARGETED_DEVICE_FAMILY = "1,2";
				TEST_HOST = "$(BUILT_PRODUCTS_DIR)/Weather_App.app/Weather_App";
			};
			name = Debug;
		};
		CF43FF60286A2BE6009B3F60 /* Release */ = {
			isa = XCBuildConfiguration;
			buildSettings = {
				ALWAYS_EMBED_SWIFT_STANDARD_LIBRARIES = YES;
				BUNDLE_LOADER = "$(TEST_HOST)";
				CODE_SIGN_STYLE = Automatic;
				CURRENT_PROJECT_VERSION = 1;
				GENERATE_INFOPLIST_FILE = YES;
				IPHONEOS_DEPLOYMENT_TARGET = 15.0;
				LD_RUNPATH_SEARCH_PATHS = (
					"$(inherited)",
					"@executable_path/Frameworks",
					"@loader_path/Frameworks",
				);
				MARKETING_VERSION = 1.0;
				PRODUCT_BUNDLE_IDENTIFIER = "com.LilianVirginiaLombardi.Weather-AppTests";
				PRODUCT_NAME = "$(TARGET_NAME)";
				SWIFT_EMIT_LOC_STRINGS = NO;
				SWIFT_VERSION = 5.0;
				TARGETED_DEVICE_FAMILY = "1,2";
				TEST_HOST = "$(BUILT_PRODUCTS_DIR)/Weather_App.app/Weather_App";
			};
			name = Release;
		};
		CF43FF62286A2BE6009B3F60 /* Debug */ = {
			isa = XCBuildConfiguration;
			buildSettings = {
				ALWAYS_EMBED_SWIFT_STANDARD_LIBRARIES = YES;
				CODE_SIGN_STYLE = Automatic;
				CURRENT_PROJECT_VERSION = 1;
				GENERATE_INFOPLIST_FILE = YES;
				LD_RUNPATH_SEARCH_PATHS = (
					"$(inherited)",
					"@executable_path/Frameworks",
					"@loader_path/Frameworks",
				);
				MARKETING_VERSION = 1.0;
				PRODUCT_BUNDLE_IDENTIFIER = "com.LilianVirginiaLombardi.Weather-AppUITests";
				PRODUCT_NAME = "$(TARGET_NAME)";
				SWIFT_EMIT_LOC_STRINGS = NO;
				SWIFT_VERSION = 5.0;
				TARGETED_DEVICE_FAMILY = "1,2";
				TEST_TARGET_NAME = Weather_App;
			};
			name = Debug;
		};
		CF43FF63286A2BE6009B3F60 /* Release */ = {
			isa = XCBuildConfiguration;
			buildSettings = {
				ALWAYS_EMBED_SWIFT_STANDARD_LIBRARIES = YES;
				CODE_SIGN_STYLE = Automatic;
				CURRENT_PROJECT_VERSION = 1;
				GENERATE_INFOPLIST_FILE = YES;
				LD_RUNPATH_SEARCH_PATHS = (
					"$(inherited)",
					"@executable_path/Frameworks",
					"@loader_path/Frameworks",
				);
				MARKETING_VERSION = 1.0;
				PRODUCT_BUNDLE_IDENTIFIER = "com.LilianVirginiaLombardi.Weather-AppUITests";
				PRODUCT_NAME = "$(TARGET_NAME)";
				SWIFT_EMIT_LOC_STRINGS = NO;
				SWIFT_VERSION = 5.0;
				TARGETED_DEVICE_FAMILY = "1,2";
				TEST_TARGET_NAME = Weather_App;
			};
			name = Release;
		};
/* End XCBuildConfiguration section */

/* Begin XCConfigurationList section */
		CF43FF2C286A2BE3009B3F60 /* Build configuration list for PBXProject "Weather_App" */ = {
			isa = XCConfigurationList;
			buildConfigurations = (
				CF43FF59286A2BE6009B3F60 /* Debug */,
				CF43FF5A286A2BE6009B3F60 /* Release */,
			);
			defaultConfigurationIsVisible = 0;
			defaultConfigurationName = Release;
		};
		CF43FF5B286A2BE6009B3F60 /* Build configuration list for PBXNativeTarget "Weather_App" */ = {
			isa = XCConfigurationList;
			buildConfigurations = (
				CF43FF5C286A2BE6009B3F60 /* Debug */,
				CF43FF5D286A2BE6009B3F60 /* Release */,
			);
			defaultConfigurationIsVisible = 0;
			defaultConfigurationName = Release;
		};
		CF43FF5E286A2BE6009B3F60 /* Build configuration list for PBXNativeTarget "Weather_AppTests" */ = {
			isa = XCConfigurationList;
			buildConfigurations = (
				CF43FF5F286A2BE6009B3F60 /* Debug */,
				CF43FF60286A2BE6009B3F60 /* Release */,
			);
			defaultConfigurationIsVisible = 0;
			defaultConfigurationName = Release;
		};
		CF43FF61286A2BE6009B3F60 /* Build configuration list for PBXNativeTarget "Weather_AppUITests" */ = {
			isa = XCConfigurationList;
			buildConfigurations = (
				CF43FF62286A2BE6009B3F60 /* Debug */,
				CF43FF63286A2BE6009B3F60 /* Release */,
			);
			defaultConfigurationIsVisible = 0;
			defaultConfigurationName = Release;
		};
/* End XCConfigurationList section */
	};
	rootObject = CF43FF29286A2BE3009B3F60 /* Project object */;
}
